
Microsoft Visual Studio Solution File, Format Version 12.00
# Visual Studio Version 17
VisualStudioVersion = 17.2.32630.192
MinimumVisualStudioVersion = 10.0.40219.1
Project("{FAE04EC0-301F-11D3-BF4B-00C04F79EFBC}") = "Lab1_algoritm", "Lab1_algoritm\Lab1_algoritm.csproj", "{C55EDAC0-F77E-4824-A8E5-96AE40197ACF}"
EndProject
Global
	GlobalSection(SolutionConfigurationPlatforms) = preSolution
		Debug|Any CPU = Debug|Any CPU
		Release|Any CPU = Release|Any CPU
	EndGlobalSection
	GlobalSection(ProjectConfigurationPlatforms) = postSolution
		{C55EDAC0-F77E-4824-A8E5-96AE40197ACF}.Debug|Any CPU.ActiveCfg = Debug|Any CPU
		{C55EDAC0-F77E-4824-A8E5-96AE40197ACF}.Debug|Any CPU.Build.0 = Debug|Any CPU
		{C55EDAC0-F77E-4824-A8E5-96AE40197ACF}.Release|Any CPU.ActiveCfg = Release|Any CPU
		{C55EDAC0-F77E-4824-A8E5-96AE40197ACF}.Release|Any CPU.Build.0 = Release|Any CPU
	EndGlobalSection
	GlobalSection(SolutionProperties) = preSolution
		HideSolutionNode = FALSE
	EndGlobalSection
	GlobalSection(ExtensibilityGlobals) = postSolution
		SolutionGuid = {395E279D-18BC-46C2-9CC1-F91F0D00824A}
	EndGlobalSection
EndGlobal
