
Microsoft Visual Studio Solution File, Format Version 12.00
# Visual Studio Version 17
VisualStudioVersion = 17.4.33122.133
MinimumVisualStudioVersion = 10.0.40219.1
Project("{FAE04EC0-301F-11D3-BF4B-00C04F79EFBC}") = "Lab5", "Lab5\Lab5.csproj", "{33AA1758-7A08-4A1F-978A-A6D1EF5F8241}"
EndProject
Global
	GlobalSection(SolutionConfigurationPlatforms) = preSolution
		Debug|Any CPU = Debug|Any CPU
		Release|Any CPU = Release|Any CPU
	EndGlobalSection
	GlobalSection(ProjectConfigurationPlatforms) = postSolution
		{33AA1758-7A08-4A1F-978A-A6D1EF5F8241}.Debug|Any CPU.ActiveCfg = Debug|Any CPU
		{33AA1758-7A08-4A1F-978A-A6D1EF5F8241}.Debug|Any CPU.Build.0 = Debug|Any CPU
		{33AA1758-7A08-4A1F-978A-A6D1EF5F8241}.Release|Any CPU.ActiveCfg = Release|Any CPU
		{33AA1758-7A08-4A1F-978A-A6D1EF5F8241}.Release|Any CPU.Build.0 = Release|Any CPU
	EndGlobalSection
	GlobalSection(SolutionProperties) = preSolution
		HideSolutionNode = FALSE
	EndGlobalSection
	GlobalSection(ExtensibilityGlobals) = postSolution
		SolutionGuid = {8AAE30E9-509E-4AEE-BDB3-4CFBC47D6B09}
	EndGlobalSection
EndGlobal
